
Microsoft Visual Studio Solution File, Format Version 12.00
# Visual Studio Version 17
VisualStudioVersion = 17.1.32210.238
MinimumVisualStudioVersion = 10.0.40219.1
Project("{FAE04EC0-301F-11D3-BF4B-00C04F79EFBC}") = "IronSharp", "IronSharp\IronSharp.csproj", "{ED1D8643-0CD3-4FB7-B2B2-8D078E8EEAD8}"
EndProject
Global
	GlobalSection(SolutionConfigurationPlatforms) = preSolution
		Debug|Any CPU = Debug|Any CPU
		Release|Any CPU = Release|Any CPU
	EndGlobalSection
	GlobalSection(ProjectConfigurationPlatforms) = postSolution
		{ED1D8643-0CD3-4FB7-B2B2-8D078E8EEAD8}.Debug|Any CPU.ActiveCfg = Debug|Any CPU
		{ED1D8643-0CD3-4FB7-B2B2-8D078E8EEAD8}.Debug|Any CPU.Build.0 = Debug|Any CPU
		{ED1D8643-0CD3-4FB7-B2B2-8D078E8EEAD8}.Release|Any CPU.ActiveCfg = Release|Any CPU
		{ED1D8643-0CD3-4FB7-B2B2-8D078E8EEAD8}.Release|Any CPU.Build.0 = Release|Any CPU
	EndGlobalSection
	GlobalSection(SolutionProperties) = preSolution
		HideSolutionNode = FALSE
	EndGlobalSection
	GlobalSection(ExtensibilityGlobals) = postSolution
		SolutionGuid = {D377DA62-E807-4F6D-8215-BBD8974976AA}
	EndGlobalSection
EndGlobal
